
Microsoft Visual Studio Solution File, Format Version 12.00
# Visual Studio Version 17
VisualStudioVersion = 17.10.34707.107
MinimumVisualStudioVersion = 10.0.40219.1
Project("{9A19103F-16F7-4668-BE54-9A1E7A4F7556}") = "SkymeyBinanceActualPrices", "SkymeyJobs\SkymeyBinanceActualPrices.csproj", "{A142D91C-BF6D-43D4-B9EF-F6B2090D1989}"
EndProject
Project("{9A19103F-16F7-4668-BE54-9A1E7A4F7556}") = "SkymeyJobsLibs", "SkymeyJobsLibs\SkymeyJobsLibs.csproj", "{BF4FA55D-2060-48A1-9D33-2C3FB4E33227}"
EndProject
Project("{9A19103F-16F7-4668-BE54-9A1E7A4F7556}") = "SkymeyTinkoffSharesList", "SkymeyTinkoffSharesList\SkymeyTinkoffSharesList.csproj", "{9686761A-B199-4F16-8986-E5E473F25AD2}"
EndProject
Project("{9A19103F-16F7-4668-BE54-9A1E7A4F7556}") = "SkymeyTinkoffBondList", "SkymeyTinkoffBondList\SkymeyTinkoffBondList.csproj", "{6DB862B9-07D1-4393-B165-B66BACA24008}"
EndProject
Project("{9A19103F-16F7-4668-BE54-9A1E7A4F7556}") = "SkymeyTinkoffEtfList", "SkymeyTinkoffEtfList\SkymeyTinkoffEtfList.csproj", "{D6EFBF67-DF17-4DD7-A257-00CD81E1BCAE}"
EndProject
Project("{9A19103F-16F7-4668-BE54-9A1E7A4F7556}") = "SkymeyTinkoffCurrencies", "SkymeyTinkoffCurrencies\SkymeyTinkoffCurrencies.csproj", "{2460AF8A-C416-453C-8C5F-042E184DA925}"
EndProject
Project("{9A19103F-16F7-4668-BE54-9A1E7A4F7556}") = "SkymeyTinkoffFutures", "SkymeyTinkoffFutures\SkymeyTinkoffFutures.csproj", "{F71A1474-207F-45E1-8840-11F2733CF9DA}"
EndProject
Project("{9A19103F-16F7-4668-BE54-9A1E7A4F7556}") = "SkymeyOkexActualPrices", "SkymeyOkexActualPrices\SkymeyOkexActualPrices.csproj", "{BB428EEF-2D6F-48B2-BABF-F8B9445909F7}"
EndProject
Project("{9A19103F-16F7-4668-BE54-9A1E7A4F7556}") = "SkymeyBinanceTickerList", "SkymeyBinanceTickerList\SkymeyBinanceTickerList.csproj", "{6DF7A170-F400-4A43-A95A-1EA2FA5F8B90}"
EndProject
Project("{9A19103F-16F7-4668-BE54-9A1E7A4F7556}") = "SkymeyOkexTickerList", "SkymeyOkexTickerList\SkymeyOkexTickerList.csproj", "{732F9FAF-DB4B-4269-9154-6B3B10F7A23E}"
EndProject
Project("{9A19103F-16F7-4668-BE54-9A1E7A4F7556}") = "SkymeyCMCInstruments", "SkymeyCMCInstruments\SkymeyCMCInstruments.csproj", "{2138139E-D5FB-4630-BA9A-1F227B15E6CB}"
EndProject
Project("{9A19103F-16F7-4668-BE54-9A1E7A4F7556}") = "SkymeyBlockchainBitcoin", "SkymeyBlockchainBitcoin\SkymeyBlockchainBitcoin.csproj", "{91537BCC-CFF8-4D20-9FF4-69EA8D92703C}"
EndProject
Project("{9A19103F-16F7-4668-BE54-9A1E7A4F7556}") = "SkymeyBlockchainEthereum", "SkymeyBlockchainEthereum\SkymeyBlockchainEthereum.csproj", "{69A74EA3-6D1C-4F33-A6B2-5DA39D99EDE6}"
EndProject
Project("{FAE04EC0-301F-11D3-BF4B-00C04F79EFBC}") = "SkymeyBlockChainMoonbeam", "SkymeyBlockChainMoonbeam\SkymeyBlockChainMoonbeam.csproj", "{340DB670-9E2D-4DA8-8BC9-16A759710995}"
EndProject
Global
	GlobalSection(SolutionConfigurationPlatforms) = preSolution
		Debug|Any CPU = Debug|Any CPU
		Release|Any CPU = Release|Any CPU
	EndGlobalSection
	GlobalSection(ProjectConfigurationPlatforms) = postSolution
		{A142D91C-BF6D-43D4-B9EF-F6B2090D1989}.Debug|Any CPU.ActiveCfg = Debug|Any CPU
		{A142D91C-BF6D-43D4-B9EF-F6B2090D1989}.Debug|Any CPU.Build.0 = Debug|Any CPU
		{A142D91C-BF6D-43D4-B9EF-F6B2090D1989}.Release|Any CPU.ActiveCfg = Release|Any CPU
		{A142D91C-BF6D-43D4-B9EF-F6B2090D1989}.Release|Any CPU.Build.0 = Release|Any CPU
		{BF4FA55D-2060-48A1-9D33-2C3FB4E33227}.Debug|Any CPU.ActiveCfg = Debug|Any CPU
		{BF4FA55D-2060-48A1-9D33-2C3FB4E33227}.Debug|Any CPU.Build.0 = Debug|Any CPU
		{BF4FA55D-2060-48A1-9D33-2C3FB4E33227}.Release|Any CPU.ActiveCfg = Release|Any CPU
		{BF4FA55D-2060-48A1-9D33-2C3FB4E33227}.Release|Any CPU.Build.0 = Release|Any CPU
		{9686761A-B199-4F16-8986-E5E473F25AD2}.Debug|Any CPU.ActiveCfg = Debug|Any CPU
		{9686761A-B199-4F16-8986-E5E473F25AD2}.Debug|Any CPU.Build.0 = Debug|Any CPU
		{9686761A-B199-4F16-8986-E5E473F25AD2}.Release|Any CPU.ActiveCfg = Release|Any CPU
		{9686761A-B199-4F16-8986-E5E473F25AD2}.Release|Any CPU.Build.0 = Release|Any CPU
		{6DB862B9-07D1-4393-B165-B66BACA24008}.Debug|Any CPU.ActiveCfg = Debug|Any CPU
		{6DB862B9-07D1-4393-B165-B66BACA24008}.Debug|Any CPU.Build.0 = Debug|Any CPU
		{6DB862B9-07D1-4393-B165-B66BACA24008}.Release|Any CPU.ActiveCfg = Release|Any CPU
		{6DB862B9-07D1-4393-B165-B66BACA24008}.Release|Any CPU.Build.0 = Release|Any CPU
		{D6EFBF67-DF17-4DD7-A257-00CD81E1BCAE}.Debug|Any CPU.ActiveCfg = Debug|Any CPU
		{D6EFBF67-DF17-4DD7-A257-00CD81E1BCAE}.Debug|Any CPU.Build.0 = Debug|Any CPU
		{D6EFBF67-DF17-4DD7-A257-00CD81E1BCAE}.Release|Any CPU.ActiveCfg = Release|Any CPU
		{D6EFBF67-DF17-4DD7-A257-00CD81E1BCAE}.Release|Any CPU.Build.0 = Release|Any CPU
		{2460AF8A-C416-453C-8C5F-042E184DA925}.Debug|Any CPU.ActiveCfg = Debug|Any CPU
		{2460AF8A-C416-453C-8C5F-042E184DA925}.Debug|Any CPU.Build.0 = Debug|Any CPU
		{2460AF8A-C416-453C-8C5F-042E184DA925}.Release|Any CPU.ActiveCfg = Release|Any CPU
		{2460AF8A-C416-453C-8C5F-042E184DA925}.Release|Any CPU.Build.0 = Release|Any CPU
		{F71A1474-207F-45E1-8840-11F2733CF9DA}.Debug|Any CPU.ActiveCfg = Debug|Any CPU
		{F71A1474-207F-45E1-8840-11F2733CF9DA}.Debug|Any CPU.Build.0 = Debug|Any CPU
		{F71A1474-207F-45E1-8840-11F2733CF9DA}.Release|Any CPU.ActiveCfg = Release|Any CPU
		{F71A1474-207F-45E1-8840-11F2733CF9DA}.Release|Any CPU.Build.0 = Release|Any CPU
		{BB428EEF-2D6F-48B2-BABF-F8B9445909F7}.Debug|Any CPU.ActiveCfg = Debug|Any CPU
		{BB428EEF-2D6F-48B2-BABF-F8B9445909F7}.Debug|Any CPU.Build.0 = Debug|Any CPU
		{BB428EEF-2D6F-48B2-BABF-F8B9445909F7}.Release|Any CPU.ActiveCfg = Release|Any CPU
		{BB428EEF-2D6F-48B2-BABF-F8B9445909F7}.Release|Any CPU.Build.0 = Release|Any CPU
		{6DF7A170-F400-4A43-A95A-1EA2FA5F8B90}.Debug|Any CPU.ActiveCfg = Debug|Any CPU
		{6DF7A170-F400-4A43-A95A-1EA2FA5F8B90}.Debug|Any CPU.Build.0 = Debug|Any CPU
		{6DF7A170-F400-4A43-A95A-1EA2FA5F8B90}.Release|Any CPU.ActiveCfg = Release|Any CPU
		{6DF7A170-F400-4A43-A95A-1EA2FA5F8B90}.Release|Any CPU.Build.0 = Release|Any CPU
		{732F9FAF-DB4B-4269-9154-6B3B10F7A23E}.Debug|Any CPU.ActiveCfg = Debug|Any CPU
		{732F9FAF-DB4B-4269-9154-6B3B10F7A23E}.Debug|Any CPU.Build.0 = Debug|Any CPU
		{732F9FAF-DB4B-4269-9154-6B3B10F7A23E}.Release|Any CPU.ActiveCfg = Release|Any CPU
		{732F9FAF-DB4B-4269-9154-6B3B10F7A23E}.Release|Any CPU.Build.0 = Release|Any CPU
		{2138139E-D5FB-4630-BA9A-1F227B15E6CB}.Debug|Any CPU.ActiveCfg = Debug|Any CPU
		{2138139E-D5FB-4630-BA9A-1F227B15E6CB}.Debug|Any CPU.Build.0 = Debug|Any CPU
		{2138139E-D5FB-4630-BA9A-1F227B15E6CB}.Release|Any CPU.ActiveCfg = Release|Any CPU
		{2138139E-D5FB-4630-BA9A-1F227B15E6CB}.Release|Any CPU.Build.0 = Release|Any CPU
		{91537BCC-CFF8-4D20-9FF4-69EA8D92703C}.Debug|Any CPU.ActiveCfg = Debug|Any CPU
		{91537BCC-CFF8-4D20-9FF4-69EA8D92703C}.Debug|Any CPU.Build.0 = Debug|Any CPU
		{91537BCC-CFF8-4D20-9FF4-69EA8D92703C}.Release|Any CPU.ActiveCfg = Release|Any CPU
		{91537BCC-CFF8-4D20-9FF4-69EA8D92703C}.Release|Any CPU.Build.0 = Release|Any CPU
		{69A74EA3-6D1C-4F33-A6B2-5DA39D99EDE6}.Debug|Any CPU.ActiveCfg = Debug|Any CPU
		{69A74EA3-6D1C-4F33-A6B2-5DA39D99EDE6}.Debug|Any CPU.Build.0 = Debug|Any CPU
		{69A74EA3-6D1C-4F33-A6B2-5DA39D99EDE6}.Release|Any CPU.ActiveCfg = Release|Any CPU
		{69A74EA3-6D1C-4F33-A6B2-5DA39D99EDE6}.Release|Any CPU.Build.0 = Release|Any CPU
		{340DB670-9E2D-4DA8-8BC9-16A759710995}.Debug|Any CPU.ActiveCfg = Debug|Any CPU
		{340DB670-9E2D-4DA8-8BC9-16A759710995}.Debug|Any CPU.Build.0 = Debug|Any CPU
		{340DB670-9E2D-4DA8-8BC9-16A759710995}.Release|Any CPU.ActiveCfg = Release|Any CPU
		{340DB670-9E2D-4DA8-8BC9-16A759710995}.Release|Any CPU.Build.0 = Release|Any CPU
	EndGlobalSection
	GlobalSection(SolutionProperties) = preSolution
		HideSolutionNode = FALSE
	EndGlobalSection
	GlobalSection(ExtensibilityGlobals) = postSolution
		SolutionGuid = {3769EF51-1B0B-4EF4-BC1D-EADFC0996B0A}
	EndGlobalSection
EndGlobal
