
Microsoft Visual Studio Solution File, Format Version 12.00
# Visual Studio Version 17
VisualStudioVersion = 17.10.34707.107
MinimumVisualStudioVersion = 10.0.40219.1
Project("{FAE04EC0-301F-11D3-BF4B-00C04F79EFBC}") = "SkymeyBinanceActualPrices", "SkymeyJobs\SkymeyBinanceActualPrices.csproj", "{A142D91C-BF6D-43D4-B9EF-F6B2090D1989}"
EndProject
Project("{FAE04EC0-301F-11D3-BF4B-00C04F79EFBC}") = "SkymeyJobsLibs", "SkymeyJobsLibs\SkymeyJobsLibs.csproj", "{BF4FA55D-2060-48A1-9D33-2C3FB4E33227}"
EndProject
Global
	GlobalSection(SolutionConfigurationPlatforms) = preSolution
		Debug|Any CPU = Debug|Any CPU
		Release|Any CPU = Release|Any CPU
	EndGlobalSection
	GlobalSection(ProjectConfigurationPlatforms) = postSolution
		{A142D91C-BF6D-43D4-B9EF-F6B2090D1989}.Debug|Any CPU.ActiveCfg = Debug|Any CPU
		{A142D91C-BF6D-43D4-B9EF-F6B2090D1989}.Debug|Any CPU.Build.0 = Debug|Any CPU
		{A142D91C-BF6D-43D4-B9EF-F6B2090D1989}.Release|Any CPU.ActiveCfg = Release|Any CPU
		{A142D91C-BF6D-43D4-B9EF-F6B2090D1989}.Release|Any CPU.Build.0 = Release|Any CPU
		{BF4FA55D-2060-48A1-9D33-2C3FB4E33227}.Debug|Any CPU.ActiveCfg = Debug|Any CPU
		{BF4FA55D-2060-48A1-9D33-2C3FB4E33227}.Debug|Any CPU.Build.0 = Debug|Any CPU
		{BF4FA55D-2060-48A1-9D33-2C3FB4E33227}.Release|Any CPU.ActiveCfg = Release|Any CPU
		{BF4FA55D-2060-48A1-9D33-2C3FB4E33227}.Release|Any CPU.Build.0 = Release|Any CPU
	EndGlobalSection
	GlobalSection(SolutionProperties) = preSolution
		HideSolutionNode = FALSE
	EndGlobalSection
	GlobalSection(ExtensibilityGlobals) = postSolution
		SolutionGuid = {3769EF51-1B0B-4EF4-BC1D-EADFC0996B0A}
	EndGlobalSection
EndGlobal
